
Microsoft Visual Studio Solution File, Format Version 12.00
# Visual Studio 15
VisualStudioVersion = 15.0.28307.1209
MinimumVisualStudioVersion = 10.0.40219.1
Project("{8BC9CEB8-8B4A-11D0-8D11-00A0C91BC942}") = "Mrge", "Mrge\Mrge.vcxproj", "{6F72EA05-AC18-4791-B3EE-2D5097D764EB}"
EndProject
Project("{8BC9CEB8-8B4A-11D0-8D11-00A0C91BC942}") = "Sort", "Sort\Sort.vcxproj", "{F1C7EF17-E2B9-4FAC-B692-01E92AF106CD}"
EndProject
Project("{8BC9CEB8-8B4A-11D0-8D11-00A0C91BC942}") = "Algorithm_sort", "Algorithm_sort\Algorithm_sort.vcxproj", "{D39CF833-2A6B-4809-8322-AC670E52D257}"
EndProject
Global
	GlobalSection(SolutionConfigurationPlatforms) = preSolution
		Debug|x64 = Debug|x64
		Debug|x86 = Debug|x86
		Release|x64 = Release|x64
		Release|x86 = Release|x86
	EndGlobalSection
	GlobalSection(ProjectConfigurationPlatforms) = postSolution
		{6F72EA05-AC18-4791-B3EE-2D5097D764EB}.Debug|x64.ActiveCfg = Debug|x64
		{6F72EA05-AC18-4791-B3EE-2D5097D764EB}.Debug|x64.Build.0 = Debug|x64
		{6F72EA05-AC18-4791-B3EE-2D5097D764EB}.Debug|x86.ActiveCfg = Debug|Win32
		{6F72EA05-AC18-4791-B3EE-2D5097D764EB}.Debug|x86.Build.0 = Debug|Win32
		{6F72EA05-AC18-4791-B3EE-2D5097D764EB}.Release|x64.ActiveCfg = Release|x64
		{6F72EA05-AC18-4791-B3EE-2D5097D764EB}.Release|x64.Build.0 = Release|x64
		{6F72EA05-AC18-4791-B3EE-2D5097D764EB}.Release|x86.ActiveCfg = Release|Win32
		{6F72EA05-AC18-4791-B3EE-2D5097D764EB}.Release|x86.Build.0 = Release|Win32
		{F1C7EF17-E2B9-4FAC-B692-01E92AF106CD}.Debug|x64.ActiveCfg = Debug|x64
		{F1C7EF17-E2B9-4FAC-B692-01E92AF106CD}.Debug|x64.Build.0 = Debug|x64
		{F1C7EF17-E2B9-4FAC-B692-01E92AF106CD}.Debug|x86.ActiveCfg = Debug|Win32
		{F1C7EF17-E2B9-4FAC-B692-01E92AF106CD}.Debug|x86.Build.0 = Debug|Win32
		{F1C7EF17-E2B9-4FAC-B692-01E92AF106CD}.Release|x64.ActiveCfg = Release|x64
		{F1C7EF17-E2B9-4FAC-B692-01E92AF106CD}.Release|x64.Build.0 = Release|x64
		{F1C7EF17-E2B9-4FAC-B692-01E92AF106CD}.Release|x86.ActiveCfg = Release|Win32
		{F1C7EF17-E2B9-4FAC-B692-01E92AF106CD}.Release|x86.Build.0 = Release|Win32
		{D39CF833-2A6B-4809-8322-AC670E52D257}.Debug|x64.ActiveCfg = Debug|x64
		{D39CF833-2A6B-4809-8322-AC670E52D257}.Debug|x64.Build.0 = Debug|x64
		{D39CF833-2A6B-4809-8322-AC670E52D257}.Debug|x86.ActiveCfg = Debug|Win32
		{D39CF833-2A6B-4809-8322-AC670E52D257}.Debug|x86.Build.0 = Debug|Win32
		{D39CF833-2A6B-4809-8322-AC670E52D257}.Release|x64.ActiveCfg = Release|x64
		{D39CF833-2A6B-4809-8322-AC670E52D257}.Release|x64.Build.0 = Release|x64
		{D39CF833-2A6B-4809-8322-AC670E52D257}.Release|x86.ActiveCfg = Release|Win32
		{D39CF833-2A6B-4809-8322-AC670E52D257}.Release|x86.Build.0 = Release|Win32
	EndGlobalSection
	GlobalSection(SolutionProperties) = preSolution
		HideSolutionNode = FALSE
	EndGlobalSection
	GlobalSection(ExtensibilityGlobals) = postSolution
		SolutionGuid = {300DCA99-9676-469A-BB9A-EA57BD7503F0}
	EndGlobalSection
EndGlobal
